
Microsoft Visual Studio Solution File, Format Version 12.00
# Visual Studio 2013
VisualStudioVersion = 12.0.31101.0
MinimumVisualStudioVersion = 10.0.40219.1
Project("{FAE04EC0-301F-11D3-BF4B-00C04F79EFBC}") = "mpBackup", "mpBackup\mpBackup.csproj", "{EDDE379B-0544-49A8-86C6-4C6462F0154F}"
EndProject
Project("{6141683F-8A12-4E36-9623-2EB02B2C2303}") = "mpSetup", "mpSetup\mpSetup.isproj", "{6EA8938A-6F47-49BD-A329-85BA83D9068B}"
	ProjectSection(ProjectDependencies) = postProject
		{EDDE379B-0544-49A8-86C6-4C6462F0154F} = {EDDE379B-0544-49A8-86C6-4C6462F0154F}
	EndProjectSection
EndProject
Project("{2150E333-8FDC-42A3-9474-1A3956D46DE8}") = ".build", ".build", "{E6CDD1B4-9E96-4F86-B7CC-EC65289B0B3A}"
	ProjectSection(SolutionItems) = preProject
		Build.proj = Build.proj
		.build\MSBuild.Community.Tasks.dll = .build\MSBuild.Community.Tasks.dll
		.build\MSBuild.Community.Tasks.targets = .build\MSBuild.Community.Tasks.targets
	EndProjectSection
EndProject
Global
	GlobalSection(SolutionConfigurationPlatforms) = preSolution
		CD_ROM|Any CPU = CD_ROM|Any CPU
		Debug|Any CPU = Debug|Any CPU
		DVD-5|Any CPU = DVD-5|Any CPU
		Release|Any CPU = Release|Any CPU
		SingleImage|Any CPU = SingleImage|Any CPU
	EndGlobalSection
	GlobalSection(ProjectConfigurationPlatforms) = postSolution
		{EDDE379B-0544-49A8-86C6-4C6462F0154F}.CD_ROM|Any CPU.ActiveCfg = Release|Any CPU
		{EDDE379B-0544-49A8-86C6-4C6462F0154F}.CD_ROM|Any CPU.Build.0 = Release|Any CPU
		{EDDE379B-0544-49A8-86C6-4C6462F0154F}.Debug|Any CPU.ActiveCfg = Debug|Any CPU
		{EDDE379B-0544-49A8-86C6-4C6462F0154F}.Debug|Any CPU.Build.0 = Debug|Any CPU
		{EDDE379B-0544-49A8-86C6-4C6462F0154F}.DVD-5|Any CPU.ActiveCfg = Debug|Any CPU
		{EDDE379B-0544-49A8-86C6-4C6462F0154F}.DVD-5|Any CPU.Build.0 = Debug|Any CPU
		{EDDE379B-0544-49A8-86C6-4C6462F0154F}.Release|Any CPU.ActiveCfg = Release|Any CPU
		{EDDE379B-0544-49A8-86C6-4C6462F0154F}.Release|Any CPU.Build.0 = Release|Any CPU
		{EDDE379B-0544-49A8-86C6-4C6462F0154F}.SingleImage|Any CPU.ActiveCfg = Release|Any CPU
		{EDDE379B-0544-49A8-86C6-4C6462F0154F}.SingleImage|Any CPU.Build.0 = Release|Any CPU
		{6EA8938A-6F47-49BD-A329-85BA83D9068B}.CD_ROM|Any CPU.ActiveCfg = CD_ROM
		{6EA8938A-6F47-49BD-A329-85BA83D9068B}.CD_ROM|Any CPU.Build.0 = CD_ROM
		{6EA8938A-6F47-49BD-A329-85BA83D9068B}.Debug|Any CPU.ActiveCfg = DVD-5
		{6EA8938A-6F47-49BD-A329-85BA83D9068B}.Debug|Any CPU.Build.0 = DVD-5
		{6EA8938A-6F47-49BD-A329-85BA83D9068B}.DVD-5|Any CPU.ActiveCfg = DVD-5
		{6EA8938A-6F47-49BD-A329-85BA83D9068B}.DVD-5|Any CPU.Build.0 = DVD-5
		{6EA8938A-6F47-49BD-A329-85BA83D9068B}.Release|Any CPU.ActiveCfg = SingleImage
		{6EA8938A-6F47-49BD-A329-85BA83D9068B}.Release|Any CPU.Build.0 = SingleImage
		{6EA8938A-6F47-49BD-A329-85BA83D9068B}.SingleImage|Any CPU.ActiveCfg = SingleImage
		{6EA8938A-6F47-49BD-A329-85BA83D9068B}.SingleImage|Any CPU.Build.0 = SingleImage
	EndGlobalSection
	GlobalSection(SolutionProperties) = preSolution
		HideSolutionNode = FALSE
	EndGlobalSection
EndGlobal
